// !$*UTF8*$!
{
	archiveVersion = 1;
	classes = {
	};
	objectVersion = 77;
	objects = {

/* Begin PBXBuildFile section */
		AC18D3382D899122003E5366 /* FirebaseCore in Frameworks */ = {isa = PBXBuildFile; productRef = AC18D3372D899122003E5366 /* FirebaseCore */; };
		AC18D33A2D899126003E5366 /* FirebaseAnalytics in Frameworks */ = {isa = PBXBuildFile; productRef = AC18D3392D899126003E5366 /* FirebaseAnalytics */; };
		AC18D3422D8B6AD0003E5366 /* FirebaseAppCheck in Frameworks */ = {isa = PBXBuildFile; productRef = AC18D3412D8B6AD0003E5366 /* FirebaseAppCheck */; };
		AC18D3442D8B6AEA003E5366 /* FirebaseAuth in Frameworks */ = {isa = PBXBuildFile; productRef = AC18D3432D8B6AEA003E5366 /* FirebaseAuth */; };
		AC18D3462D8B6AF4003E5366 /* FirebaseAuthCombine-Community in Frameworks */ = {isa = PBXBuildFile; productRef = AC18D3452D8B6AF4003E5366 /* FirebaseAuthCombine-Community */; };
		AC18D34A2D8B71B9003E5366 /* FirebaseFirestore in Frameworks */ = {isa = PBXBuildFile; productRef = AC18D3492D8B71B9003E5366 /* FirebaseFirestore */; };
		AC18D34C2D8B71C5003E5366 /* FirebaseFirestoreCombine-Community in Frameworks */ = {isa = PBXBuildFile; productRef = AC18D34B2D8B71C5003E5366 /* FirebaseFirestoreCombine-Community */; };
		ACA2D6902D9B3DB7009F0AC3 /* FirebaseDatabase in Frameworks */ = {isa = PBXBuildFile; productRef = ACA2D68F2D9B3DB7009F0AC3 /* FirebaseDatabase */; };
		ACA2D6922D9B3DC3009F0AC3 /* FirebaseStorage in Frameworks */ = {isa = PBXBuildFile; productRef = ACA2D6912D9B3DC3009F0AC3 /* FirebaseStorage */; };
/* End PBXBuildFile section */

/* Begin PBXContainerItemProxy section */
		AC222BE52D88D3AA00B823E0 /* PBXContainerItemProxy */ = {
			isa = PBXContainerItemProxy;
			containerPortal = AC222BCC2D88D3A900B823E0 /* Project object */;
			proxyType = 1;
			remoteGlobalIDString = AC222BD32D88D3A900B823E0;
			remoteInfo = ToDoApp;
		};
		AC222BEF2D88D3AA00B823E0 /* PBXContainerItemProxy */ = {
			isa = PBXContainerItemProxy;
			containerPortal = AC222BCC2D88D3A900B823E0 /* Project object */;
			proxyType = 1;
			remoteGlobalIDString = AC222BD32D88D3A900B823E0;
			remoteInfo = ToDoApp;
		};
/* End PBXContainerItemProxy section */

/* Begin PBXFileReference section */
		AC222BD42D88D3A900B823E0 /* ToDoApp.app */ = {isa = PBXFileReference; explicitFileType = wrapper.application; includeInIndex = 0; path = ToDoApp.app; sourceTree = BUILT_PRODUCTS_DIR; };
		AC222BE42D88D3AA00B823E0 /* ToDoAppTests.xctest */ = {isa = PBXFileReference; explicitFileType = wrapper.cfbundle; includeInIndex = 0; path = ToDoAppTests.xctest; sourceTree = BUILT_PRODUCTS_DIR; };
		AC222BEE2D88D3AA00B823E0 /* ToDoAppUITests.xctest */ = {isa = PBXFileReference; explicitFileType = wrapper.cfbundle; includeInIndex = 0; path = ToDoAppUITests.xctest; sourceTree = BUILT_PRODUCTS_DIR; };
/* End PBXFileReference section */

/* Begin PBXFileSystemSynchronizedRootGroup section */
		AC222BD62D88D3A900B823E0 /* ToDoApp */ = {
			isa = PBXFileSystemSynchronizedRootGroup;
			path = ToDoApp;
			sourceTree = "<group>";
		};
		AC222BE72D88D3AA00B823E0 /* ToDoAppTests */ = {
			isa = PBXFileSystemSynchronizedRootGroup;
			path = ToDoAppTests;
			sourceTree = "<group>";
		};
		AC222BF12D88D3AA00B823E0 /* ToDoAppUITests */ = {
			isa = PBXFileSystemSynchronizedRootGroup;
			path = ToDoAppUITests;
			sourceTree = "<group>";
		};
/* End PBXFileSystemSynchronizedRootGroup section */

/* Begin PBXFrameworksBuildPhase section */
		AC222BD12D88D3A900B823E0 /* Frameworks */ = {
			isa = PBXFrameworksBuildPhase;
			buildActionMask = 2147483647;
			files = (
				AC18D33A2D899126003E5366 /* FirebaseAnalytics in Frameworks */,
				AC18D3422D8B6AD0003E5366 /* FirebaseAppCheck in Frameworks */,
				ACA2D6922D9B3DC3009F0AC3 /* FirebaseStorage in Frameworks */,
				AC18D3382D899122003E5366 /* FirebaseCore in Frameworks */,
				AC18D3442D8B6AEA003E5366 /* FirebaseAuth in Frameworks */,
				AC18D3462D8B6AF4003E5366 /* FirebaseAuthCombine-Community in Frameworks */,
				AC18D34A2D8B71B9003E5366 /* FirebaseFirestore in Frameworks */,
				ACA2D6902D9B3DB7009F0AC3 /* FirebaseDatabase in Frameworks */,
				AC18D34C2D8B71C5003E5366 /* FirebaseFirestoreCombine-Community in Frameworks */,
			);
			runOnlyForDeploymentPostprocessing = 0;
		};
		AC222BE12D88D3AA00B823E0 /* Frameworks */ = {
			isa = PBXFrameworksBuildPhase;
			buildActionMask = 2147483647;
			files = (
			);
			runOnlyForDeploymentPostprocessing = 0;
		};
		AC222BEB2D88D3AA00B823E0 /* Frameworks */ = {
			isa = PBXFrameworksBuildPhase;
			buildActionMask = 2147483647;
			files = (
			);
			runOnlyForDeploymentPostprocessing = 0;
		};
/* End PBXFrameworksBuildPhase section */

/* Begin PBXGroup section */
		AC18D3362D899122003E5366 /* Frameworks */ = {
			isa = PBXGroup;
			children = (
			);
			name = Frameworks;
			sourceTree = "<group>";
		};
		AC222BCB2D88D3A900B823E0 = {
			isa = PBXGroup;
			children = (
				AC222BD62D88D3A900B823E0 /* ToDoApp */,
				AC222BE72D88D3AA00B823E0 /* ToDoAppTests */,
				AC222BF12D88D3AA00B823E0 /* ToDoAppUITests */,
				AC18D3362D899122003E5366 /* Frameworks */,
				AC222BD52D88D3A900B823E0 /* Products */,
			);
			sourceTree = "<group>";
		};
		AC222BD52D88D3A900B823E0 /* Products */ = {
			isa = PBXGroup;
			children = (
				AC222BD42D88D3A900B823E0 /* ToDoApp.app */,
				AC222BE42D88D3AA00B823E0 /* ToDoAppTests.xctest */,
				AC222BEE2D88D3AA00B823E0 /* ToDoAppUITests.xctest */,
			);
			name = Products;
			sourceTree = "<group>";
		};
/* End PBXGroup section */

/* Begin PBXNativeTarget section */
		AC222BD32D88D3A900B823E0 /* ToDoApp */ = {
			isa = PBXNativeTarget;
			buildConfigurationList = AC222BF82D88D3AA00B823E0 /* Build configuration list for PBXNativeTarget "ToDoApp" */;
			buildPhases = (
				AC222BD02D88D3A900B823E0 /* Sources */,
				AC222BD12D88D3A900B823E0 /* Frameworks */,
				AC222BD22D88D3A900B823E0 /* Resources */,
			);
			buildRules = (
			);
			dependencies = (
			);
			fileSystemSynchronizedGroups = (
				AC222BD62D88D3A900B823E0 /* ToDoApp */,
			);
			name = ToDoApp;
			packageProductDependencies = (
				AC18D3372D899122003E5366 /* FirebaseCore */,
				AC18D3392D899126003E5366 /* FirebaseAnalytics */,
				AC18D3412D8B6AD0003E5366 /* FirebaseAppCheck */,
				AC18D3432D8B6AEA003E5366 /* FirebaseAuth */,
				AC18D3452D8B6AF4003E5366 /* FirebaseAuthCombine-Community */,
				AC18D3492D8B71B9003E5366 /* FirebaseFirestore */,
				AC18D34B2D8B71C5003E5366 /* FirebaseFirestoreCombine-Community */,
				ACA2D68F2D9B3DB7009F0AC3 /* FirebaseDatabase */,
				ACA2D6912D9B3DC3009F0AC3 /* FirebaseStorage */,
			);
			productName = ToDoApp;
			productReference = AC222BD42D88D3A900B823E0 /* ToDoApp.app */;
			productType = "com.apple.product-type.application";
		};
		AC222BE32D88D3AA00B823E0 /* ToDoAppTests */ = {
			isa = PBXNativeTarget;
			buildConfigurationList = AC222BFB2D88D3AA00B823E0 /* Build configuration list for PBXNativeTarget "ToDoAppTests" */;
			buildPhases = (
				AC222BE02D88D3AA00B823E0 /* Sources */,
				AC222BE12D88D3AA00B823E0 /* Frameworks */,
				AC222BE22D88D3AA00B823E0 /* Resources */,
			);
			buildRules = (
			);
			dependencies = (
				AC222BE62D88D3AA00B823E0 /* PBXTargetDependency */,
			);
			fileSystemSynchronizedGroups = (
				AC222BE72D88D3AA00B823E0 /* ToDoAppTests */,
			);
			name = ToDoAppTests;
			packageProductDependencies = (
			);
			productName = ToDoAppTests;
			productReference = AC222BE42D88D3AA00B823E0 /* ToDoAppTests.xctest */;
			productType = "com.apple.product-type.bundle.unit-test";
		};
		AC222BED2D88D3AA00B823E0 /* ToDoAppUITests */ = {
			isa = PBXNativeTarget;
			buildConfigurationList = AC222BFE2D88D3AA00B823E0 /* Build configuration list for PBXNativeTarget "ToDoAppUITests" */;
			buildPhases = (
				AC222BEA2D88D3AA00B823E0 /* Sources */,
				AC222BEB2D88D3AA00B823E0 /* Frameworks */,
				AC222BEC2D88D3AA00B823E0 /* Resources */,
			);
			buildRules = (
			);
			dependencies = (
				AC222BF02D88D3AA00B823E0 /* PBXTargetDependency */,
			);
			fileSystemSynchronizedGroups = (
				AC222BF12D88D3AA00B823E0 /* ToDoAppUITests */,
			);
			name = ToDoAppUITests;
			packageProductDependencies = (
			);
			productName = ToDoAppUITests;
			productReference = AC222BEE2D88D3AA00B823E0 /* ToDoAppUITests.xctest */;
			productType = "com.apple.product-type.bundle.ui-testing";
		};
/* End PBXNativeTarget section */

/* Begin PBXProject section */
		AC222BCC2D88D3A900B823E0 /* Project object */ = {
			isa = PBXProject;
			attributes = {
				BuildIndependentTargetsInParallel = 1;
				LastSwiftUpdateCheck = 1620;
				LastUpgradeCheck = 1620;
				TargetAttributes = {
					AC222BD32D88D3A900B823E0 = {
						CreatedOnToolsVersion = 16.2;
					};
					AC222BE32D88D3AA00B823E0 = {
						CreatedOnToolsVersion = 16.2;
						TestTargetID = AC222BD32D88D3A900B823E0;
					};
					AC222BED2D88D3AA00B823E0 = {
						CreatedOnToolsVersion = 16.2;
						TestTargetID = AC222BD32D88D3A900B823E0;
					};
				};
			};
			buildConfigurationList = AC222BCF2D88D3A900B823E0 /* Build configuration list for PBXProject "ToDoApp" */;
			developmentRegion = en;
			hasScannedForEncodings = 0;
			knownRegions = (
				en,
				Base,
			);
			mainGroup = AC222BCB2D88D3A900B823E0;
			minimizedProjectReferenceProxies = 1;
			packageReferences = (
				AC18D3082D88D6E4003E5366 /* XCRemoteSwiftPackageReference "firebase-ios-sdk" */,
			);
			preferredProjectObjectVersion = 77;
			productRefGroup = AC222BD52D88D3A900B823E0 /* Products */;
			projectDirPath = "";
			projectRoot = "";
			targets = (
				AC222BD32D88D3A900B823E0 /* ToDoApp */,
				AC222BE32D88D3AA00B823E0 /* ToDoAppTests */,
				AC222BED2D88D3AA00B823E0 /* ToDoAppUITests */,
			);
		};
/* End PBXProject section */

/* Begin PBXResourcesBuildPhase section */
		AC222BD22D88D3A900B823E0 /* Resources */ = {
			isa = PBXResourcesBuildPhase;
			buildActionMask = 2147483647;
			files = (
			);
			runOnlyForDeploymentPostprocessing = 0;
		};
		AC222BE22D88D3AA00B823E0 /* Resources */ = {
			isa = PBXResourcesBuildPhase;
			buildActionMask = 2147483647;
			files = (
			);
			runOnlyForDeploymentPostprocessing = 0;
		};
		AC222BEC2D88D3AA00B823E0 /* Resources */ = {
			isa = PBXResourcesBuildPhase;
			buildActionMask = 2147483647;
			files = (
			);
			runOnlyForDeploymentPostprocessing = 0;
		};
/* End PBXResourcesBuildPhase section */

/* Begin PBXSourcesBuildPhase section */
		AC222BD02D88D3A900B823E0 /* Sources */ = {
			isa = PBXSourcesBuildPhase;
			buildActionMask = 2147483647;
			files = (
			);
			runOnlyForDeploymentPostprocessing = 0;
		};
		AC222BE02D88D3AA00B823E0 /* Sources */ = {
			isa = PBXSourcesBuildPhase;
			buildActionMask = 2147483647;
			files = (
			);
			runOnlyForDeploymentPostprocessing = 0;
		};
		AC222BEA2D88D3AA00B823E0 /* Sources */ = {
			isa = PBXSourcesBuildPhase;
			buildActionMask = 2147483647;
			files = (
			);
			runOnlyForDeploymentPostprocessing = 0;
		};
/* End PBXSourcesBuildPhase section */

/* Begin PBXTargetDependency section */
		AC222BE62D88D3AA00B823E0 /* PBXTargetDependency */ = {
			isa = PBXTargetDependency;
			target = AC222BD32D88D3A900B823E0 /* ToDoApp */;
			targetProxy = AC222BE52D88D3AA00B823E0 /* PBXContainerItemProxy */;
		};
		AC222BF02D88D3AA00B823E0 /* PBXTargetDependency */ = {
			isa = PBXTargetDependency;
			target = AC222BD32D88D3A900B823E0 /* ToDoApp */;
			targetProxy = AC222BEF2D88D3AA00B823E0 /* PBXContainerItemProxy */;
		};
/* End PBXTargetDependency section */

/* Begin XCBuildConfiguration section */
		AC222BF62D88D3AA00B823E0 /* Debug */ = {
			isa = XCBuildConfiguration;
			buildSettings = {
				ALWAYS_SEARCH_USER_PATHS = NO;
				ASSETCATALOG_COMPILER_GENERATE_SWIFT_ASSET_SYMBOL_EXTENSIONS = YES;
				CLANG_ANALYZER_NONNULL = YES;
				CLANG_ANALYZER_NUMBER_OBJECT_CONVERSION = YES_AGGRESSIVE;
				CLANG_CXX_LANGUAGE_STANDARD = "gnu++20";
				CLANG_ENABLE_MODULES = YES;
				CLANG_ENABLE_OBJC_ARC = YES;
				CLANG_ENABLE_OBJC_WEAK = YES;
				CLANG_WARN_BLOCK_CAPTURE_AUTORELEASING = YES;
				CLANG_WARN_BOOL_CONVERSION = YES;
				CLANG_WARN_COMMA = YES;
				CLANG_WARN_CONSTANT_CONVERSION = YES;
				CLANG_WARN_DEPRECATED_OBJC_IMPLEMENTATIONS = YES;
				CLANG_WARN_DIRECT_OBJC_ISA_USAGE = YES_ERROR;
				CLANG_WARN_DOCUMENTATION_COMMENTS = YES;
				CLANG_WARN_EMPTY_BODY = YES;
				CLANG_WARN_ENUM_CONVERSION = YES;
				CLANG_WARN_INFINITE_RECURSION = YES;
				CLANG_WARN_INT_CONVERSION = YES;
				CLANG_WARN_NON_LITERAL_NULL_CONVERSION = YES;
				CLANG_WARN_OBJC_IMPLICIT_RETAIN_SELF = YES;
				CLANG_WARN_OBJC_LITERAL_CONVERSION = YES;
				CLANG_WARN_OBJC_ROOT_CLASS = YES_ERROR;
				CLANG_WARN_QUOTED_INCLUDE_IN_FRAMEWORK_HEADER = YES;
				CLANG_WARN_RANGE_LOOP_ANALYSIS = YES;
				CLANG_WARN_STRICT_PROTOTYPES = YES;
				CLANG_WARN_SUSPICIOUS_MOVE = YES;
				CLANG_WARN_UNGUARDED_AVAILABILITY = YES_AGGRESSIVE;
				CLANG_WARN_UNREACHABLE_CODE = YES;
				CLANG_WARN__DUPLICATE_METHOD_MATCH = YES;
				COPY_PHASE_STRIP = NO;
				DEBUG_INFORMATION_FORMAT = dwarf;
				ENABLE_STRICT_OBJC_MSGSEND = YES;
				ENABLE_TESTABILITY = YES;
				ENABLE_USER_SCRIPT_SANDBOXING = YES;
				GCC_C_LANGUAGE_STANDARD = gnu17;
				GCC_DYNAMIC_NO_PIC = NO;
				GCC_NO_COMMON_BLOCKS = YES;
				GCC_OPTIMIZATION_LEVEL = 0;
				GCC_PREPROCESSOR_DEFINITIONS = (
					"DEBUG=1",
					"$(inherited)",
				);
				GCC_WARN_64_TO_32_BIT_CONVERSION = YES;
				GCC_WARN_ABOUT_RETURN_TYPE = YES_ERROR;
				GCC_WARN_UNDECLARED_SELECTOR = YES;
				GCC_WARN_UNINITIALIZED_AUTOS = YES_AGGRESSIVE;
				GCC_WARN_UNUSED_FUNCTION = YES;
				GCC_WARN_UNUSED_VARIABLE = YES;
				IPHONEOS_DEPLOYMENT_TARGET = 18.2;
				LOCALIZATION_PREFERS_STRING_CATALOGS = YES;
				MTL_ENABLE_DEBUG_INFO = INCLUDE_SOURCE;
				MTL_FAST_MATH = YES;
				ONLY_ACTIVE_ARCH = YES;
				SDKROOT = iphoneos;
				SWIFT_ACTIVE_COMPILATION_CONDITIONS = "DEBUG $(inherited)";
				SWIFT_OPTIMIZATION_LEVEL = "-Onone";
			};
			name = Debug;
		};
		AC222BF72D88D3AA00B823E0 /* Release */ = {
			isa = XCBuildConfiguration;
			buildSettings = {
				ALWAYS_SEARCH_USER_PATHS = NO;
				ASSETCATALOG_COMPILER_GENERATE_SWIFT_ASSET_SYMBOL_EXTENSIONS = YES;
				CLANG_ANALYZER_NONNULL = YES;
				CLANG_ANALYZER_NUMBER_OBJECT_CONVERSION = YES_AGGRESSIVE;
				CLANG_CXX_LANGUAGE_STANDARD = "gnu++20";
				CLANG_ENABLE_MODULES = YES;
				CLANG_ENABLE_OBJC_ARC = YES;
				CLANG_ENABLE_OBJC_WEAK = YES;
				CLANG_WARN_BLOCK_CAPTURE_AUTORELEASING = YES;
				CLANG_WARN_BOOL_CONVERSION = YES;
				CLANG_WARN_COMMA = YES;
				CLANG_WARN_CONSTANT_CONVERSION = YES;
				CLANG_WARN_DEPRECATED_OBJC_IMPLEMENTATIONS = YES;
				CLANG_WARN_DIRECT_OBJC_ISA_USAGE = YES_ERROR;
				CLANG_WARN_DOCUMENTATION_COMMENTS = YES;
				CLANG_WARN_EMPTY_BODY = YES;
				CLANG_WARN_ENUM_CONVERSION = YES;
				CLANG_WARN_INFINITE_RECURSION = YES;
				CLANG_WARN_INT_CONVERSION = YES;
				CLANG_WARN_NON_LITERAL_NULL_CONVERSION = YES;
				CLANG_WARN_OBJC_IMPLICIT_RETAIN_SELF = YES;
				CLANG_WARN_OBJC_LITERAL_CONVERSION = YES;
				CLANG_WARN_OBJC_ROOT_CLASS = YES_ERROR;
				CLANG_WARN_QUOTED_INCLUDE_IN_FRAMEWORK_HEADER = YES;
				CLANG_WARN_RANGE_LOOP_ANALYSIS = YES;
				CLANG_WARN_STRICT_PROTOTYPES = YES;
				CLANG_WARN_SUSPICIOUS_MOVE = YES;
				CLANG_WARN_UNGUARDED_AVAILABILITY = YES_AGGRESSIVE;
				CLANG_WARN_UNREACHABLE_CODE = YES;
				CLANG_WARN__DUPLICATE_METHOD_MATCH = YES;
				COPY_PHASE_STRIP = NO;
				DEBUG_INFORMATION_FORMAT = "dwarf-with-dsym";
				ENABLE_NS_ASSERTIONS = NO;
				ENABLE_STRICT_OBJC_MSGSEND = YES;
				ENABLE_USER_SCRIPT_SANDBOXING = YES;
				GCC_C_LANGUAGE_STANDARD = gnu17;
				GCC_NO_COMMON_BLOCKS = YES;
				GCC_WARN_64_TO_32_BIT_CONVERSION = YES;
				GCC_WARN_ABOUT_RETURN_TYPE = YES_ERROR;
				GCC_WARN_UNDECLARED_SELECTOR = YES;
				GCC_WARN_UNINITIALIZED_AUTOS = YES_AGGRESSIVE;
				GCC_WARN_UNUSED_FUNCTION = YES;
				GCC_WARN_UNUSED_VARIABLE = YES;
				IPHONEOS_DEPLOYMENT_TARGET = 18.2;
				LOCALIZATION_PREFERS_STRING_CATALOGS = YES;
				MTL_ENABLE_DEBUG_INFO = NO;
				MTL_FAST_MATH = YES;
				SDKROOT = iphoneos;
				SWIFT_COMPILATION_MODE = wholemodule;
				VALIDATE_PRODUCT = YES;
			};
			name = Release;
		};
		AC222BF92D88D3AA00B823E0 /* Debug */ = {
			isa = XCBuildConfiguration;
			buildSettings = {
				ASSETCATALOG_COMPILER_APPICON_NAME = AppIcon;
				ASSETCATALOG_COMPILER_GLOBAL_ACCENT_COLOR_NAME = AccentColor;
				CODE_SIGN_STYLE = Automatic;
				CURRENT_PROJECT_VERSION = 1;
				DEVELOPMENT_ASSET_PATHS = "\"ToDoApp/Preview Content\"";
				DEVELOPMENT_TEAM = 56MW794GXP;
				ENABLE_PREVIEWS = YES;
				GENERATE_INFOPLIST_FILE = YES;
				INFOPLIST_KEY_CFBundleDisplayName = "ToDo App";
				INFOPLIST_KEY_UIApplicationSceneManifest_Generation = YES;
				INFOPLIST_KEY_UIApplicationSupportsIndirectInputEvents = YES;
				INFOPLIST_KEY_UILaunchScreen_Generation = YES;
				INFOPLIST_KEY_UISupportedInterfaceOrientations = UIInterfaceOrientationPortrait;
				LD_RUNPATH_SEARCH_PATHS = (
					"$(inherited)",
					"@executable_path/Frameworks",
				);
				MARKETING_VERSION = 1.0;
				PRODUCT_BUNDLE_IDENTIFIER = com.StudioNoKr.ToDoApp;
				PRODUCT_NAME = "$(TARGET_NAME)";
				SWIFT_EMIT_LOC_STRINGS = YES;
				SWIFT_VERSION = 5.0;
				TARGETED_DEVICE_FAMILY = "1,2";
			};
			name = Debug;
		};
		AC222BFA2D88D3AA00B823E0 /* Release */ = {
			isa = XCBuildConfiguration;
			buildSettings = {
				ASSETCATALOG_COMPILER_APPICON_NAME = AppIcon;
				ASSETCATALOG_COMPILER_GLOBAL_ACCENT_COLOR_NAME = AccentColor;
				CODE_SIGN_STYLE = Automatic;
				CURRENT_PROJECT_VERSION = 1;
				DEVELOPMENT_ASSET_PATHS = "\"ToDoApp/Preview Content\"";
				DEVELOPMENT_TEAM = 56MW794GXP;
				ENABLE_PREVIEWS = YES;
				GENERATE_INFOPLIST_FILE = YES;
				INFOPLIST_KEY_CFBundleDisplayName = "ToDo App";
				INFOPLIST_KEY_UIApplicationSceneManifest_Generation = YES;
				INFOPLIST_KEY_UIApplicationSupportsIndirectInputEvents = YES;
				INFOPLIST_KEY_UILaunchScreen_Generation = YES;
				INFOPLIST_KEY_UISupportedInterfaceOrientations = UIInterfaceOrientationPortrait;
				LD_RUNPATH_SEARCH_PATHS = (
					"$(inherited)",
					"@executable_path/Frameworks",
				);
				MARKETING_VERSION = 1.0;
				PRODUCT_BUNDLE_IDENTIFIER = com.StudioNoKr.ToDoApp;
				PRODUCT_NAME = "$(TARGET_NAME)";
				SWIFT_EMIT_LOC_STRINGS = YES;
				SWIFT_VERSION = 5.0;
				TARGETED_DEVICE_FAMILY = "1,2";
			};
			name = Release;
		};
		AC222BFC2D88D3AA00B823E0 /* Debug */ = {
			isa = XCBuildConfiguration;
			buildSettings = {
				BUNDLE_LOADER = "$(TEST_HOST)";
				CODE_SIGN_STYLE = Automatic;
				CURRENT_PROJECT_VERSION = 1;
				DEVELOPMENT_TEAM = 56MW794GXP;
				GENERATE_INFOPLIST_FILE = YES;
				IPHONEOS_DEPLOYMENT_TARGET = 18.2;
				MARKETING_VERSION = 1.0;
				PRODUCT_BUNDLE_IDENTIFIER = com.StudioNoKr.ToDoAppTests;
				PRODUCT_NAME = "$(TARGET_NAME)";
				SWIFT_EMIT_LOC_STRINGS = NO;
				SWIFT_VERSION = 5.0;
				TARGETED_DEVICE_FAMILY = "1,2";
				TEST_HOST = "$(BUILT_PRODUCTS_DIR)/ToDoApp.app/$(BUNDLE_EXECUTABLE_FOLDER_PATH)/ToDoApp";
			};
			name = Debug;
		};
		AC222BFD2D88D3AA00B823E0 /* Release */ = {
			isa = XCBuildConfiguration;
			buildSettings = {
				BUNDLE_LOADER = "$(TEST_HOST)";
				CODE_SIGN_STYLE = Automatic;
				CURRENT_PROJECT_VERSION = 1;
				DEVELOPMENT_TEAM = 56MW794GXP;
				GENERATE_INFOPLIST_FILE = YES;
				IPHONEOS_DEPLOYMENT_TARGET = 18.2;
				MARKETING_VERSION = 1.0;
				PRODUCT_BUNDLE_IDENTIFIER = com.StudioNoKr.ToDoAppTests;
				PRODUCT_NAME = "$(TARGET_NAME)";
				SWIFT_EMIT_LOC_STRINGS = NO;
				SWIFT_VERSION = 5.0;
				TARGETED_DEVICE_FAMILY = "1,2";
				TEST_HOST = "$(BUILT_PRODUCTS_DIR)/ToDoApp.app/$(BUNDLE_EXECUTABLE_FOLDER_PATH)/ToDoApp";
			};
			name = Release;
		};
		AC222BFF2D88D3AA00B823E0 /* Debug */ = {
			isa = XCBuildConfiguration;
			buildSettings = {
				CODE_SIGN_STYLE = Automatic;
				CURRENT_PROJECT_VERSION = 1;
				DEVELOPMENT_TEAM = 56MW794GXP;
				GENERATE_INFOPLIST_FILE = YES;
				MARKETING_VERSION = 1.0;
				PRODUCT_BUNDLE_IDENTIFIER = com.StudioNoKr.ToDoAppUITests;
				PRODUCT_NAME = "$(TARGET_NAME)";
				SWIFT_EMIT_LOC_STRINGS = NO;
				SWIFT_VERSION = 5.0;
				TARGETED_DEVICE_FAMILY = "1,2";
				TEST_TARGET_NAME = ToDoApp;
			};
			name = Debug;
		};
		AC222C002D88D3AA00B823E0 /* Release */ = {
			isa = XCBuildConfiguration;
			buildSettings = {
				CODE_SIGN_STYLE = Automatic;
				CURRENT_PROJECT_VERSION = 1;
				DEVELOPMENT_TEAM = 56MW794GXP;
				GENERATE_INFOPLIST_FILE = YES;
				MARKETING_VERSION = 1.0;
				PRODUCT_BUNDLE_IDENTIFIER = com.StudioNoKr.ToDoAppUITests;
				PRODUCT_NAME = "$(TARGET_NAME)";
				SWIFT_EMIT_LOC_STRINGS = NO;
				SWIFT_VERSION = 5.0;
				TARGETED_DEVICE_FAMILY = "1,2";
				TEST_TARGET_NAME = ToDoApp;
			};
			name = Release;
		};
/* End XCBuildConfiguration section */

/* Begin XCConfigurationList section */
		AC222BCF2D88D3A900B823E0 /* Build configuration list for PBXProject "ToDoApp" */ = {
			isa = XCConfigurationList;
			buildConfigurations = (
				AC222BF62D88D3AA00B823E0 /* Debug */,
				AC222BF72D88D3AA00B823E0 /* Release */,
			);
			defaultConfigurationIsVisible = 0;
			defaultConfigurationName = Release;
		};
		AC222BF82D88D3AA00B823E0 /* Build configuration list for PBXNativeTarget "ToDoApp" */ = {
			isa = XCConfigurationList;
			buildConfigurations = (
				AC222BF92D88D3AA00B823E0 /* Debug */,
				AC222BFA2D88D3AA00B823E0 /* Release */,
			);
			defaultConfigurationIsVisible = 0;
			defaultConfigurationName = Release;
		};
		AC222BFB2D88D3AA00B823E0 /* Build configuration list for PBXNativeTarget "ToDoAppTests" */ = {
			isa = XCConfigurationList;
			buildConfigurations = (
				AC222BFC2D88D3AA00B823E0 /* Debug */,
				AC222BFD2D88D3AA00B823E0 /* Release */,
			);
			defaultConfigurationIsVisible = 0;
			defaultConfigurationName = Release;
		};
		AC222BFE2D88D3AA00B823E0 /* Build configuration list for PBXNativeTarget "ToDoAppUITests" */ = {
			isa = XCConfigurationList;
			buildConfigurations = (
				AC222BFF2D88D3AA00B823E0 /* Debug */,
				AC222C002D88D3AA00B823E0 /* Release */,
			);
			defaultConfigurationIsVisible = 0;
			defaultConfigurationName = Release;
		};
/* End XCConfigurationList section */

/* Begin XCRemoteSwiftPackageReference section */
		AC18D3082D88D6E4003E5366 /* XCRemoteSwiftPackageReference "firebase-ios-sdk" */ = {
			isa = XCRemoteSwiftPackageReference;
			repositoryURL = "https://github.com/firebase/firebase-ios-sdk";
			requirement = {
				kind = upToNextMajorVersion;
				minimumVersion = 11.10.0;
			};
		};
/* End XCRemoteSwiftPackageReference section */

/* Begin XCSwiftPackageProductDependency section */
		AC18D3372D899122003E5366 /* FirebaseCore */ = {
			isa = XCSwiftPackageProductDependency;
			package = AC18D3082D88D6E4003E5366 /* XCRemoteSwiftPackageReference "firebase-ios-sdk" */;
			productName = FirebaseCore;
		};
		AC18D3392D899126003E5366 /* FirebaseAnalytics */ = {
			isa = XCSwiftPackageProductDependency;
			package = AC18D3082D88D6E4003E5366 /* XCRemoteSwiftPackageReference "firebase-ios-sdk" */;
			productName = FirebaseAnalytics;
		};
		AC18D3412D8B6AD0003E5366 /* FirebaseAppCheck */ = {
			isa = XCSwiftPackageProductDependency;
			package = AC18D3082D88D6E4003E5366 /* XCRemoteSwiftPackageReference "firebase-ios-sdk" */;
			productName = FirebaseAppCheck;
		};
		AC18D3432D8B6AEA003E5366 /* FirebaseAuth */ = {
			isa = XCSwiftPackageProductDependency;
			package = AC18D3082D88D6E4003E5366 /* XCRemoteSwiftPackageReference "firebase-ios-sdk" */;
			productName = FirebaseAuth;
		};
		AC18D3452D8B6AF4003E5366 /* FirebaseAuthCombine-Community */ = {
			isa = XCSwiftPackageProductDependency;
			package = AC18D3082D88D6E4003E5366 /* XCRemoteSwiftPackageReference "firebase-ios-sdk" */;
			productName = "FirebaseAuthCombine-Community";
		};
		AC18D3492D8B71B9003E5366 /* FirebaseFirestore */ = {
			isa = XCSwiftPackageProductDependency;
			package = AC18D3082D88D6E4003E5366 /* XCRemoteSwiftPackageReference "firebase-ios-sdk" */;
			productName = FirebaseFirestore;
		};
		AC18D34B2D8B71C5003E5366 /* FirebaseFirestoreCombine-Community */ = {
			isa = XCSwiftPackageProductDependency;
			package = AC18D3082D88D6E4003E5366 /* XCRemoteSwiftPackageReference "firebase-ios-sdk" */;
			productName = "FirebaseFirestoreCombine-Community";
		};
		ACA2D68F2D9B3DB7009F0AC3 /* FirebaseDatabase */ = {
			isa = XCSwiftPackageProductDependency;
			package = AC18D3082D88D6E4003E5366 /* XCRemoteSwiftPackageReference "firebase-ios-sdk" */;
			productName = FirebaseDatabase;
		};
		ACA2D6912D9B3DC3009F0AC3 /* FirebaseStorage */ = {
			isa = XCSwiftPackageProductDependency;
			package = AC18D3082D88D6E4003E5366 /* XCRemoteSwiftPackageReference "firebase-ios-sdk" */;
			productName = FirebaseStorage;
		};
/* End XCSwiftPackageProductDependency section */
	};
	rootObject = AC222BCC2D88D3A900B823E0 /* Project object */;
}
